
Microsoft Visual Studio Solution File, Format Version 12.00
Project("{FAE04EC0-301F-11D3-BF4B-00C04F79EFBC}") = "MVCCourse", "MVCCourse.csproj", "{ECAED9A8-C6B9-410D-84A5-1749E8B6C3BF}"
EndProject
Global
	GlobalSection(SolutionConfigurationPlatforms) = preSolution
		Debug|Any CPU = Debug|Any CPU
		Release|Any CPU = Release|Any CPU
	EndGlobalSection
	GlobalSection(ProjectConfigurationPlatforms) = postSolution
		{ECAED9A8-C6B9-410D-84A5-1749E8B6C3BF}.Debug|Any CPU.ActiveCfg = Debug|Any CPU
		{ECAED9A8-C6B9-410D-84A5-1749E8B6C3BF}.Debug|Any CPU.Build.0 = Debug|Any CPU
		{ECAED9A8-C6B9-410D-84A5-1749E8B6C3BF}.Release|Any CPU.ActiveCfg = Release|Any CPU
		{ECAED9A8-C6B9-410D-84A5-1749E8B6C3BF}.Release|Any CPU.Build.0 = Release|Any CPU
	EndGlobalSection
EndGlobal
